
Microsoft Visual Studio Solution File, Format Version 12.00
# Visual Studio 2012
Project("{FAE04EC0-301F-11D3-BF4B-00C04F79EFBC}") = "ServiciosCognitivos", "ServiciosCognitivos\ServiciosCognitivos.csproj", "{AAF23697-0881-459F-91F8-A8F666058933}"
EndProject
Global
	GlobalSection(SolutionConfigurationPlatforms) = preSolution
		Debug|iPhoneSimulator = Debug|iPhoneSimulator
		Release|iPhone = Release|iPhone
		Release|iPhoneSimulator = Release|iPhoneSimulator
		Debug|iPhone = Debug|iPhone
	EndGlobalSection
	GlobalSection(ProjectConfigurationPlatforms) = postSolution
		{AAF23697-0881-459F-91F8-A8F666058933}.Debug|iPhoneSimulator.ActiveCfg = Debug|iPhoneSimulator
		{AAF23697-0881-459F-91F8-A8F666058933}.Debug|iPhoneSimulator.Build.0 = Debug|iPhoneSimulator
		{AAF23697-0881-459F-91F8-A8F666058933}.Release|iPhone.ActiveCfg = Release|iPhone
		{AAF23697-0881-459F-91F8-A8F666058933}.Release|iPhone.Build.0 = Release|iPhone
		{AAF23697-0881-459F-91F8-A8F666058933}.Release|iPhoneSimulator.ActiveCfg = Release|iPhoneSimulator
		{AAF23697-0881-459F-91F8-A8F666058933}.Release|iPhoneSimulator.Build.0 = Release|iPhoneSimulator
		{AAF23697-0881-459F-91F8-A8F666058933}.Debug|iPhone.ActiveCfg = Debug|iPhone
		{AAF23697-0881-459F-91F8-A8F666058933}.Debug|iPhone.Build.0 = Debug|iPhone
	EndGlobalSection
EndGlobal
